
Microsoft Visual Studio Solution File, Format Version 12.00
# Visual Studio Version 17
VisualStudioVersion = 17.12.35707.178
MinimumVisualStudioVersion = 10.0.40219.1
Project("{FAE04EC0-301F-11D3-BF4B-00C04F79EFBC}") = "BusinessLayer", "BusinessLayer\BusinessLayer.csproj", "{DB1E07F5-B2CB-48B5-8A81-6A8930AC0DE6}"
EndProject
Project("{FAE04EC0-301F-11D3-BF4B-00C04F79EFBC}") = "DataLayer", "DataLayer\DataLayer.csproj", "{CE0AA18B-61F0-4CE2-AFF6-297FC48D873E}"
EndProject
Project("{FAE04EC0-301F-11D3-BF4B-00C04F79EFBC}") = "MVCApplication", "MVCApplication\MVCApplication.csproj", "{D87C6F24-9691-48CC-AF91-B53349214E3B}"
EndProject
Project("{FAE04EC0-301F-11D3-BF4B-00C04F79EFBC}") = "SeedingLayer", "SeedingLayer\SeedingLayer.csproj", "{11119DFD-3E7D-4AA6-85C8-11C69371752F}"
EndProject
Project("{FAE04EC0-301F-11D3-BF4B-00C04F79EFBC}") = "ServiceLayer", "ServiceLayer\ServiceLayer.csproj", "{C8906C47-B0E0-45FF-B0D5-4D738726C07A}"
EndProject
Global
	GlobalSection(SolutionConfigurationPlatforms) = preSolution
		Debug|Any CPU = Debug|Any CPU
		Release|Any CPU = Release|Any CPU
	EndGlobalSection
	GlobalSection(ProjectConfigurationPlatforms) = postSolution
		{DB1E07F5-B2CB-48B5-8A81-6A8930AC0DE6}.Debug|Any CPU.ActiveCfg = Debug|Any CPU
		{DB1E07F5-B2CB-48B5-8A81-6A8930AC0DE6}.Debug|Any CPU.Build.0 = Debug|Any CPU
		{DB1E07F5-B2CB-48B5-8A81-6A8930AC0DE6}.Release|Any CPU.ActiveCfg = Release|Any CPU
		{DB1E07F5-B2CB-48B5-8A81-6A8930AC0DE6}.Release|Any CPU.Build.0 = Release|Any CPU
		{CE0AA18B-61F0-4CE2-AFF6-297FC48D873E}.Debug|Any CPU.ActiveCfg = Debug|Any CPU
		{CE0AA18B-61F0-4CE2-AFF6-297FC48D873E}.Debug|Any CPU.Build.0 = Debug|Any CPU
		{CE0AA18B-61F0-4CE2-AFF6-297FC48D873E}.Release|Any CPU.ActiveCfg = Release|Any CPU
		{CE0AA18B-61F0-4CE2-AFF6-297FC48D873E}.Release|Any CPU.Build.0 = Release|Any CPU
		{D87C6F24-9691-48CC-AF91-B53349214E3B}.Debug|Any CPU.ActiveCfg = Debug|Any CPU
		{D87C6F24-9691-48CC-AF91-B53349214E3B}.Debug|Any CPU.Build.0 = Debug|Any CPU
		{D87C6F24-9691-48CC-AF91-B53349214E3B}.Release|Any CPU.ActiveCfg = Release|Any CPU
		{D87C6F24-9691-48CC-AF91-B53349214E3B}.Release|Any CPU.Build.0 = Release|Any CPU
		{11119DFD-3E7D-4AA6-85C8-11C69371752F}.Debug|Any CPU.ActiveCfg = Debug|Any CPU
		{11119DFD-3E7D-4AA6-85C8-11C69371752F}.Debug|Any CPU.Build.0 = Debug|Any CPU
		{11119DFD-3E7D-4AA6-85C8-11C69371752F}.Release|Any CPU.ActiveCfg = Release|Any CPU
		{11119DFD-3E7D-4AA6-85C8-11C69371752F}.Release|Any CPU.Build.0 = Release|Any CPU
		{C8906C47-B0E0-45FF-B0D5-4D738726C07A}.Debug|Any CPU.ActiveCfg = Debug|Any CPU
		{C8906C47-B0E0-45FF-B0D5-4D738726C07A}.Debug|Any CPU.Build.0 = Debug|Any CPU
		{C8906C47-B0E0-45FF-B0D5-4D738726C07A}.Release|Any CPU.ActiveCfg = Release|Any CPU
		{C8906C47-B0E0-45FF-B0D5-4D738726C07A}.Release|Any CPU.Build.0 = Release|Any CPU
	EndGlobalSection
	GlobalSection(SolutionProperties) = preSolution
		HideSolutionNode = FALSE
	EndGlobalSection
	GlobalSection(ExtensibilityGlobals) = postSolution
		SolutionGuid = {28DFEC7E-DBD6-424C-98E2-31CE424B01D4}
	EndGlobalSection
EndGlobal
